Microsoft Visual Studio Solution File, Format Version 12.00
# Visual Studio 2012
Project("{FAE04EC0-301F-11D3-BF4B-00C04F79EFBC}") = "HuangD.Godot", "HuangD.Godot.csproj", "{B5B40D1E-0A92-40D7-91B5-2D1D56E38912}"
EndProject
Global
	GlobalSection(SolutionConfigurationPlatforms) = preSolution
	Debug|Any CPU = Debug|Any CPU
	ExportDebug|Any CPU = ExportDebug|Any CPU
	ExportRelease|Any CPU = ExportRelease|Any CPU
	EndGlobalSection
	GlobalSection(ProjectConfigurationPlatforms) = postSolution
		{B5B40D1E-0A92-40D7-91B5-2D1D56E38912}.Debug|Any CPU.ActiveCfg = Debug|Any CPU
		{B5B40D1E-0A92-40D7-91B5-2D1D56E38912}.Debug|Any CPU.Build.0 = Debug|Any CPU
		{B5B40D1E-0A92-40D7-91B5-2D1D56E38912}.ExportDebug|Any CPU.ActiveCfg = ExportDebug|Any CPU
		{B5B40D1E-0A92-40D7-91B5-2D1D56E38912}.ExportDebug|Any CPU.Build.0 = ExportDebug|Any CPU
		{B5B40D1E-0A92-40D7-91B5-2D1D56E38912}.ExportRelease|Any CPU.ActiveCfg = ExportRelease|Any CPU
		{B5B40D1E-0A92-40D7-91B5-2D1D56E38912}.ExportRelease|Any CPU.Build.0 = ExportRelease|Any CPU
	EndGlobalSection
EndGlobal
